{
  "name": "GameManager",
  "lockfileVersion": 3,
  "requires": true,
  "packages": {
    "": {
      "dependencies": {
        "oh-my-opencode-linux-x64": "^4.17.0"
      }
    },
    "node_modules/oh-my-opencode-linux-x64": {
      "version": "4.17.0",
      "resolved": "https://registry.npmmirror.com/oh-my-opencode-linux-x64/-/oh-my-opencode-linux-x64-4.17.0.tgz",
      "integrity": "sha512-q1Tk33ol/ZYVj0zWBdM1b0h2pS1EU/KQ5/5Bb/2xNVWNDVaa4hY9SHBl98CyhLRti8pwV2wOyCzKpsNBr2O+Ng==",
      "cpu": [
        "x64"
      ],
      "libc": [
        "glibc"
      ],
      "license": "MIT",
      "os": [
        "linux"
      ]
    }
  }
}
